
Microsoft Visual Studio Solution File, Format Version 12.00
# Visual Studio Version 17
VisualStudioVersion = 17.1.32421.90
MinimumVisualStudioVersion = 10.0.40219.1
Project("{F184B08F-C81C-45F6-A57F-5ABD9991F28F}") = "WindowsApp1", "WindowsApp1\WindowsApp1.vbproj", "{55ACA485-CFEE-41BF-A859-A16952C6261E}"
EndProject
Global
	GlobalSection(SolutionConfigurationPlatforms) = preSolution
		Debug|Any CPU = Debug|Any CPU
		Release|Any CPU = Release|Any CPU
	EndGlobalSection
	GlobalSection(ProjectConfigurationPlatforms) = postSolution
		{55ACA485-CFEE-41BF-A859-A16952C6261E}.Debug|Any CPU.ActiveCfg = Debug|Any CPU
		{55ACA485-CFEE-41BF-A859-A16952C6261E}.Debug|Any CPU.Build.0 = Debug|Any CPU
		{55ACA485-CFEE-41BF-A859-A16952C6261E}.Release|Any CPU.ActiveCfg = Release|Any CPU
		{55ACA485-CFEE-41BF-A859-A16952C6261E}.Release|Any CPU.Build.0 = Release|Any CPU
	EndGlobalSection
	GlobalSection(SolutionProperties) = preSolution
		HideSolutionNode = FALSE
	EndGlobalSection
	GlobalSection(ExtensibilityGlobals) = postSolution
		SolutionGuid = {029E8C4F-1EB9-4ED2-AECA-16B4EEE8CB01}
	EndGlobalSection
EndGlobal
